
Microsoft Visual Studio Solution File, Format Version 12.00
# Visual Studio 15
VisualStudioVersion = 15.0.27428.2015
MinimumVisualStudioVersion = 10.0.40219.1
Project("{888888A0-9F3D-457C-B088-3A5042F75D52}") = "E21", "E21\E21.pyproj", "{395E7DE9-CE79-4984-A2C7-C7CA86EF20DB}"
EndProject
Global
	GlobalSection(SolutionConfigurationPlatforms) = preSolution
		Debug|Any CPU = Debug|Any CPU
		Release|Any CPU = Release|Any CPU
	EndGlobalSection
	GlobalSection(ProjectConfigurationPlatforms) = postSolution
		{395E7DE9-CE79-4984-A2C7-C7CA86EF20DB}.Debug|Any CPU.ActiveCfg = Debug|Any CPU
		{395E7DE9-CE79-4984-A2C7-C7CA86EF20DB}.Release|Any CPU.ActiveCfg = Release|Any CPU
	EndGlobalSection
	GlobalSection(SolutionProperties) = preSolution
		HideSolutionNode = FALSE
	EndGlobalSection
	GlobalSection(ExtensibilityGlobals) = postSolution
		SolutionGuid = {8DDEE514-E32A-48C8-9BB7-A191D2C24431}
	EndGlobalSection
EndGlobal
