
Microsoft Visual Studio Solution File, Format Version 12.00
# Visual Studio 15
VisualStudioVersion = 15.0.27428.2015
MinimumVisualStudioVersion = 10.0.40219.1
Project("{888888A0-9F3D-457C-B088-3A5042F75D52}") = "E14", "E14\E14.pyproj", "{B1C00596-0803-463D-9F5E-B8B62F43AFB6}"
EndProject
Global
	GlobalSection(SolutionConfigurationPlatforms) = preSolution
		Debug|Any CPU = Debug|Any CPU
		Release|Any CPU = Release|Any CPU
	EndGlobalSection
	GlobalSection(ProjectConfigurationPlatforms) = postSolution
		{B1C00596-0803-463D-9F5E-B8B62F43AFB6}.Debug|Any CPU.ActiveCfg = Debug|Any CPU
		{B1C00596-0803-463D-9F5E-B8B62F43AFB6}.Release|Any CPU.ActiveCfg = Release|Any CPU
	EndGlobalSection
	GlobalSection(SolutionProperties) = preSolution
		HideSolutionNode = FALSE
	EndGlobalSection
	GlobalSection(ExtensibilityGlobals) = postSolution
		SolutionGuid = {B757825E-F315-42E3-8403-76ABEB5E4888}
	EndGlobalSection
EndGlobal
