
Microsoft Visual Studio Solution File, Format Version 12.00
# Visual Studio 15
VisualStudioVersion = 15.0.27703.2042
MinimumVisualStudioVersion = 10.0.40219.1
Project("{888888A0-9F3D-457C-B088-3A5042F75D52}") = "E_16", "E_16\E_16.pyproj", "{726FB944-5AF9-42C9-AC4F-10703B349A0B}"
EndProject
Global
	GlobalSection(SolutionConfigurationPlatforms) = preSolution
		Debug|Any CPU = Debug|Any CPU
		Release|Any CPU = Release|Any CPU
	EndGlobalSection
	GlobalSection(ProjectConfigurationPlatforms) = postSolution
		{726FB944-5AF9-42C9-AC4F-10703B349A0B}.Debug|Any CPU.ActiveCfg = Debug|Any CPU
		{726FB944-5AF9-42C9-AC4F-10703B349A0B}.Release|Any CPU.ActiveCfg = Release|Any CPU
	EndGlobalSection
	GlobalSection(SolutionProperties) = preSolution
		HideSolutionNode = FALSE
	EndGlobalSection
	GlobalSection(ExtensibilityGlobals) = postSolution
		SolutionGuid = {BA01FA20-7372-47F8-AEDC-7BA4BAC1A603}
	EndGlobalSection
EndGlobal
