
Microsoft Visual Studio Solution File, Format Version 12.00
# Visual Studio 15
VisualStudioVersion = 15.0.27428.2015
MinimumVisualStudioVersion = 10.0.40219.1
Project("{888888A0-9F3D-457C-B088-3A5042F75D52}") = "E13", "E13\E13.pyproj", "{1C45ED4D-9B80-4C82-83B0-633EDD34D5F7}"
EndProject
Global
	GlobalSection(SolutionConfigurationPlatforms) = preSolution
		Debug|Any CPU = Debug|Any CPU
		Release|Any CPU = Release|Any CPU
	EndGlobalSection
	GlobalSection(ProjectConfigurationPlatforms) = postSolution
		{1C45ED4D-9B80-4C82-83B0-633EDD34D5F7}.Debug|Any CPU.ActiveCfg = Debug|Any CPU
		{1C45ED4D-9B80-4C82-83B0-633EDD34D5F7}.Release|Any CPU.ActiveCfg = Release|Any CPU
	EndGlobalSection
	GlobalSection(SolutionProperties) = preSolution
		HideSolutionNode = FALSE
	EndGlobalSection
	GlobalSection(ExtensibilityGlobals) = postSolution
		SolutionGuid = {596EFEF3-9BA5-4F04-B1DA-FD567C6E35B6}
	EndGlobalSection
EndGlobal
