
Microsoft Visual Studio Solution File, Format Version 12.00
# Visual Studio 15
VisualStudioVersion = 15.0.27703.2042
MinimumVisualStudioVersion = 10.0.40219.1
Project("{888888A0-9F3D-457C-B088-3A5042F75D52}") = "E22", "E22\E22.pyproj", "{A1E28B2D-04EE-4362-8280-EB6FC07EFF22}"
EndProject
Global
	GlobalSection(SolutionConfigurationPlatforms) = preSolution
		Debug|Any CPU = Debug|Any CPU
		Release|Any CPU = Release|Any CPU
	EndGlobalSection
	GlobalSection(ProjectConfigurationPlatforms) = postSolution
		{A1E28B2D-04EE-4362-8280-EB6FC07EFF22}.Debug|Any CPU.ActiveCfg = Debug|Any CPU
		{A1E28B2D-04EE-4362-8280-EB6FC07EFF22}.Release|Any CPU.ActiveCfg = Release|Any CPU
	EndGlobalSection
	GlobalSection(SolutionProperties) = preSolution
		HideSolutionNode = FALSE
	EndGlobalSection
	GlobalSection(ExtensibilityGlobals) = postSolution
		SolutionGuid = {DF30CCF6-03C6-4040-9422-2E391D1A6352}
	EndGlobalSection
EndGlobal
