
Microsoft Visual Studio Solution File, Format Version 12.00
# Visual Studio 15
VisualStudioVersion = 15.0.27703.2042
MinimumVisualStudioVersion = 10.0.40219.1
Project("{888888A0-9F3D-457C-B088-3A5042F75D52}") = "E_15", "E_15\E_15.pyproj", "{F07AA30A-301D-4F88-B32A-7546C424C258}"
EndProject
Global
	GlobalSection(SolutionConfigurationPlatforms) = preSolution
		Debug|Any CPU = Debug|Any CPU
		Release|Any CPU = Release|Any CPU
	EndGlobalSection
	GlobalSection(ProjectConfigurationPlatforms) = postSolution
		{F07AA30A-301D-4F88-B32A-7546C424C258}.Debug|Any CPU.ActiveCfg = Debug|Any CPU
		{F07AA30A-301D-4F88-B32A-7546C424C258}.Release|Any CPU.ActiveCfg = Release|Any CPU
	EndGlobalSection
	GlobalSection(SolutionProperties) = preSolution
		HideSolutionNode = FALSE
	EndGlobalSection
	GlobalSection(ExtensibilityGlobals) = postSolution
		SolutionGuid = {C805EEB6-E014-463A-A759-F655885576EF}
	EndGlobalSection
EndGlobal
